// !$*UTF8*$!
{
	archiveVersion = 1;
	classes = {
	};
	objectVersion = 50;
	objects = {

/* Begin PBXBuildFile section */
		53C75E8423B14C0700E6EBF7 /* AppDelegate.swift in Sources */ = {isa = PBXBuildFile; fileRef = 53C75E8323B14C0700E6EBF7 /* AppDelegate.swift */; };
		53C75E8623B14C0700E6EBF7 /* SceneDelegate.swift in Sources */ = {isa = PBXBuildFile; fileRef = 53C75E8523B14C0700E6EBF7 /* SceneDelegate.swift */; };
		53C75E8823B14C0700E6EBF7 /* ContentView.swift in Sources */ = {isa = PBXBuildFile; fileRef = 53C75E8723B14C0700E6EBF7 /* ContentView.swift */; };
		53C75E8A23B14C0800E6EBF7 /* Assets.xcassets in Resources */ = {isa = PBXBuildFile; fileRef = 53C75E8923B14C0800E6EBF7 /* Assets.xcassets */; };
		53C75E8D23B14C0800E6EBF7 /* Preview Assets.xcassets in Resources */ = {isa = PBXBuildFile; fileRef = 53C75E8C23B14C0800E6EBF7 /* Preview Assets.xcassets */; };
		53C75E9023B14C0800E6EBF7 /* LaunchScreen.storyboard in Resources */ = {isa = PBXBuildFile; fileRef = 53C75E8E23B14C0800E6EBF7 /* LaunchScreen.storyboard */; };
		53C75E9B23B14C0800E6EBF7 /* SecretsCenterTests.swift in Sources */ = {isa = PBXBuildFile; fileRef = 53C75E9A23B14C0800E6EBF7 /* SecretsCenterTests.swift */; };
/* End PBXBuildFile section */

/* Begin PBXContainerItemProxy section */
		53C75E9723B14C0800E6EBF7 /* PBXContainerItemProxy */ = {
			isa = PBXContainerItemProxy;
			containerPortal = 53C75E7823B14C0700E6EBF7 /* Project object */;
			proxyType = 1;
			remoteGlobalIDString = 53C75E7F23B14C0700E6EBF7;
			remoteInfo = SecretsCenter;
		};
/* End PBXContainerItemProxy section */

/* Begin PBXFileReference section */
		53C75E8023B14C0700E6EBF7 /* SecretsCenter.app */ = {isa = PBXFileReference; explicitFileType = wrapper.application; includeInIndex = 0; path = SecretsCenter.app; sourceTree = BUILT_PRODUCTS_DIR; };
		53C75E8323B14C0700E6EBF7 /* AppDelegate.swift */ = {isa = PBXFileReference; lastKnownFileType = sourcecode.swift; path = AppDelegate.swift; sourceTree = "<group>"; };
		53C75E8523B14C0700E6EBF7 /* SceneDelegate.swift */ = {isa = PBXFileReference; lastKnownFileType = sourcecode.swift; path = SceneDelegate.swift; sourceTree = "<group>"; };
		53C75E8723B14C0700E6EBF7 /* ContentView.swift */ = {isa = PBXFileReference; lastKnownFileType = sourcecode.swift; path = ContentView.swift; sourceTree = "<group>"; };
		53C75E8923B14C0800E6EBF7 /* Assets.xcassets */ = {isa = PBXFileReference; lastKnownFileType = folder.assetcatalog; path = Assets.xcassets; sourceTree = "<group>"; };
		53C75E8C23B14C0800E6EBF7 /* Preview Assets.xcassets */ = {isa = PBXFileReference; lastKnownFileType = folder.assetcatalog; path = "Preview Assets.xcassets"; sourceTree = "<group>"; };
		53C75E8F23B14C0800E6EBF7 /* Base */ = {isa = PBXFileReference; lastKnownFileType = file.storyboard; name = Base; path = Base.lproj/LaunchScreen.storyboard; sourceTree = "<group>"; };
		53C75E9123B14C0800E6EBF7 /* Info.plist */ = {isa = PBXFileReference; lastKnownFileType = text.plist.xml; path = Info.plist; sourceTree = "<group>"; };
		53C75E9623B14C0800E6EBF7 /* SecretsCenterTests.xctest */ = {isa = PBXFileReference; explicitFileType = wrapper.cfbundle; includeInIndex = 0; path = SecretsCenterTests.xctest; sourceTree = BUILT_PRODUCTS_DIR; };
		53C75E9A23B14C0800E6EBF7 /* SecretsCenterTests.swift */ = {isa = PBXFileReference; lastKnownFileType = sourcecode.swift; path = SecretsCenterTests.swift; sourceTree = "<group>"; };
		53C75E9C23B14C0800E6EBF7 /* Info.plist */ = {isa = PBXFileReference; lastKnownFileType = text.plist.xml; path = Info.plist; sourceTree = "<group>"; };
/* End PBXFileReference section */

/* Begin PBXFrameworksBuildPhase section */
		53C75E7D23B14C0700E6EBF7 /* Frameworks */ = {
			isa = PBXFrameworksBuildPhase;
			buildActionMask = 2147483647;
			files = (
			);
			runOnlyForDeploymentPostprocessing = 0;
		};
		53C75E9323B14C0800E6EBF7 /* Frameworks */ = {
			isa = PBXFrameworksBuildPhase;
			buildActionMask = 2147483647;
			files = (
			);
			runOnlyForDeploymentPostprocessing = 0;
		};
/* End PBXFrameworksBuildPhase section */

/* Begin PBXGroup section */
		53C75E7723B14C0700E6EBF7 = {
			isa = PBXGroup;
			children = (
				53C75E8223B14C0700E6EBF7 /* SecretsCenter */,
				53C75E9923B14C0800E6EBF7 /* SecretsCenterTests */,
				53C75E8123B14C0700E6EBF7 /* Products */,
			);
			sourceTree = "<group>";
		};
		53C75E8123B14C0700E6EBF7 /* Products */ = {
			isa = PBXGroup;
			children = (
				53C75E8023B14C0700E6EBF7 /* SecretsCenter.app */,
				53C75E9623B14C0800E6EBF7 /* SecretsCenterTests.xctest */,
			);
			name = Products;
			sourceTree = "<group>";
		};
		53C75E8223B14C0700E6EBF7 /* SecretsCenter */ = {
			isa = PBXGroup;
			children = (
				53C75E8323B14C0700E6EBF7 /* AppDelegate.swift */,
				53C75E8523B14C0700E6EBF7 /* SceneDelegate.swift */,
				53C75E8723B14C0700E6EBF7 /* ContentView.swift */,
				53C75E8923B14C0800E6EBF7 /* Assets.xcassets */,
				53C75E8E23B14C0800E6EBF7 /* LaunchScreen.storyboard */,
				53C75E9123B14C0800E6EBF7 /* Info.plist */,
				53C75E8B23B14C0800E6EBF7 /* Preview Content */,
			);
			path = SecretsCenter;
			sourceTree = "<group>";
		};
		53C75E8B23B14C0800E6EBF7 /* Preview Content */ = {
			isa = PBXGroup;
			children = (
				53C75E8C23B14C0800E6EBF7 /* Preview Assets.xcassets */,
			);
			path = "Preview Content";
			sourceTree = "<group>";
		};
		53C75E9923B14C0800E6EBF7 /* SecretsCenterTests */ = {
			isa = PBXGroup;
			children = (
				53C75E9A23B14C0800E6EBF7 /* SecretsCenterTests.swift */,
				53C75E9C23B14C0800E6EBF7 /* Info.plist */,
			);
			path = SecretsCenterTests;
			sourceTree = "<group>";
		};
/* End PBXGroup section */

/* Begin PBXNativeTarget section */
		53C75E7F23B14C0700E6EBF7 /* SecretsCenter */ = {
			isa = PBXNativeTarget;
			buildConfigurationList = 53C75E9F23B14C0800E6EBF7 /* Build configuration list for PBXNativeTarget "SecretsCenter" */;
			buildPhases = (
				53C75E7C23B14C0700E6EBF7 /* Sources */,
				53C75E7D23B14C0700E6EBF7 /* Frameworks */,
				53C75E7E23B14C0700E6EBF7 /* Resources */,
			);
			buildRules = (
			);
			dependencies = (
			);
			name = SecretsCenter;
			productName = SecretsCenter;
			productReference = 53C75E8023B14C0700E6EBF7 /* SecretsCenter.app */;
			productType = "com.apple.product-type.application";
		};
		53C75E9523B14C0800E6EBF7 /* SecretsCenterTests */ = {
			isa = PBXNativeTarget;
			buildConfigurationList = 53C75EA223B14C0800E6EBF7 /* Build configuration list for PBXNativeTarget "SecretsCenterTests" */;
			buildPhases = (
				53C75E9223B14C0800E6EBF7 /* Sources */,
				53C75E9323B14C0800E6EBF7 /* Frameworks */,
				53C75E9423B14C0800E6EBF7 /* Resources */,
			);
			buildRules = (
			);
			dependencies = (
				53C75E9823B14C0800E6EBF7 /* PBXTargetDependency */,
			);
			name = SecretsCenterTests;
			productName = SecretsCenterTests;
			productReference = 53C75E9623B14C0800E6EBF7 /* SecretsCenterTests.xctest */;
			productType = "com.apple.product-type.bundle.unit-test";
		};
/* End PBXNativeTarget section */

/* Begin PBXProject section */
		53C75E7823B14C0700E6EBF7 /* Project object */ = {
			isa = PBXProject;
			attributes = {
				LastSwiftUpdateCheck = 1120;
				LastUpgradeCheck = 1120;
				ORGANIZATIONNAME = "Aaron Tunney";
				TargetAttributes = {
					53C75E7F23B14C0700E6EBF7 = {
						CreatedOnToolsVersion = 11.2.1;
					};
					53C75E9523B14C0800E6EBF7 = {
						CreatedOnToolsVersion = 11.2.1;
						TestTargetID = 53C75E7F23B14C0700E6EBF7;
					};
				};
			};
			buildConfigurationList = 53C75E7B23B14C0700E6EBF7 /* Build configuration list for PBXProject "SecretsCenter" */;
			compatibilityVersion = "Xcode 9.3";
			developmentRegion = en;
			hasScannedForEncodings = 0;
			knownRegions = (
				en,
				Base,
			);
			mainGroup = 53C75E7723B14C0700E6EBF7;
			productRefGroup = 53C75E8123B14C0700E6EBF7 /* Products */;
			projectDirPath = "";
			projectRoot = "";
			targets = (
				53C75E7F23B14C0700E6EBF7 /* SecretsCenter */,
				53C75E9523B14C0800E6EBF7 /* SecretsCenterTests */,
			);
		};
/* End PBXProject section */

/* Begin PBXResourcesBuildPhase section */
		53C75E7E23B14C0700E6EBF7 /* Resources */ = {
			isa = PBXResourcesBuildPhase;
			buildActionMask = 2147483647;
			files = (
				53C75E9023B14C0800E6EBF7 /* LaunchScreen.storyboard in Resources */,
				53C75E8D23B14C0800E6EBF7 /* Preview Assets.xcassets in Resources */,
				53C75E8A23B14C0800E6EBF7 /* Assets.xcassets in Resources */,
			);
			runOnlyForDeploymentPostprocessing = 0;
		};
		53C75E9423B14C0800E6EBF7 /* Resources */ = {
			isa = PBXResourcesBuildPhase;
			buildActionMask = 2147483647;
			files = (
			);
			runOnlyForDeploymentPostprocessing = 0;
		};
/* End PBXResourcesBuildPhase section */

/* Begin PBXSourcesBuildPhase section */
		53C75E7C23B14C0700E6EBF7 /* Sources */ = {
			isa = PBXSourcesBuildPhase;
			buildActionMask = 2147483647;
			files = (
				53C75E8423B14C0700E6EBF7 /* AppDelegate.swift in Sources */,
				53C75E8623B14C0700E6EBF7 /* SceneDelegate.swift in Sources */,
				53C75E8823B14C0700E6EBF7 /* ContentView.swift in Sources */,
			);
			runOnlyForDeploymentPostprocessing = 0;
		};
		53C75E9223B14C0800E6EBF7 /* Sources */ = {
			isa = PBXSourcesBuildPhase;
			buildActionMask = 2147483647;
			files = (
				53C75E9B23B14C0800E6EBF7 /* SecretsCenterTests.swift in Sources */,
			);
			runOnlyForDeploymentPostprocessing = 0;
		};
/* End PBXSourcesBuildPhase section */

/* Begin PBXTargetDependency section */
		53C75E9823B14C0800E6EBF7 /* PBXTargetDependency */ = {
			isa = PBXTargetDependency;
			target = 53C75E7F23B14C0700E6EBF7 /* SecretsCenter */;
			targetProxy = 53C75E9723B14C0800E6EBF7 /* PBXContainerItemProxy */;
		};
/* End PBXTargetDependency section */

/* Begin PBXVariantGroup section */
		53C75E8E23B14C0800E6EBF7 /* LaunchScreen.storyboard */ = {
			isa = PBXVariantGroup;
			children = (
				53C75E8F23B14C0800E6EBF7 /* Base */,
			);
			name = LaunchScreen.storyboard;
			sourceTree = "<group>";
		};
/* End PBXVariantGroup section */

/* Begin XCBuildConfiguration section */
		53C75E9D23B14C0800E6EBF7 /* Debug */ = {
			isa = XCBuildConfiguration;
			buildSettings = {
				ALWAYS_SEARCH_USER_PATHS = NO;
				CLANG_ANALYZER_NONNULL = YES;
				CLANG_ANALYZER_NUMBER_OBJECT_CONVERSION = YES_AGGRESSIVE;
				CLANG_CXX_LANGUAGE_STANDARD = "gnu++14";
				CLANG_CXX_LIBRARY = "libc++";
				CLANG_ENABLE_MODULES = YES;
				CLANG_ENABLE_OBJC_ARC = YES;
				CLANG_ENABLE_OBJC_WEAK = YES;
				CLANG_WARN_BLOCK_CAPTURE_AUTORELEASING = YES;
				CLANG_WARN_BOOL_CONVERSION = YES;
				CLANG_WARN_COMMA = YES;
				CLANG_WARN_CONSTANT_CONVERSION = YES;
				CLANG_WARN_DEPRECATED_OBJC_IMPLEMENTATIONS = YES;
				CLANG_WARN_DIRECT_OBJC_ISA_USAGE = YES_ERROR;
				CLANG_WARN_DOCUMENTATION_COMMENTS = YES;
				CLANG_WARN_EMPTY_BODY = YES;
				CLANG_WARN_ENUM_CONVERSION = YES;
				CLANG_WARN_INFINITE_RECURSION = YES;
				CLANG_WARN_INT_CONVERSION = YES;
				CLANG_WARN_NON_LITERAL_NULL_CONVERSION = YES;
				CLANG_WARN_OBJC_IMPLICIT_RETAIN_SELF = YES;
				CLANG_WARN_OBJC_LITERAL_CONVERSION = YES;
				CLANG_WARN_OBJC_ROOT_CLASS = YES_ERROR;
				CLANG_WARN_RANGE_LOOP_ANALYSIS = YES;
				CLANG_WARN_STRICT_PROTOTYPES = YES;
				CLANG_WARN_SUSPICIOUS_MOVE = YES;
				CLANG_WARN_UNGUARDED_AVAILABILITY = YES_AGGRESSIVE;
				CLANG_WARN_UNREACHABLE_CODE = YES;
				CLANG_WARN__DUPLICATE_METHOD_MATCH = YES;
				COPY_PHASE_STRIP = NO;
				DEBUG_INFORMATION_FORMAT = dwarf;
				ENABLE_STRICT_OBJC_MSGSEND = YES;
				ENABLE_TESTABILITY = YES;
				GCC_C_LANGUAGE_STANDARD = gnu11;
				GCC_DYNAMIC_NO_PIC = NO;
				GCC_NO_COMMON_BLOCKS = YES;
				GCC_OPTIMIZATION_LEVEL = 0;
				GCC_PREPROCESSOR_DEFINITIONS = (
					"DEBUG=1",
					"$(inherited)",
				);
				GCC_WARN_64_TO_32_BIT_CONVERSION = YES;
				GCC_WARN_ABOUT_RETURN_TYPE = YES_ERROR;
				GCC_WARN_UNDECLARED_SELECTOR = YES;
				GCC_WARN_UNINITIALIZED_AUTOS = YES_AGGRESSIVE;
				GCC_WARN_UNUSED_FUNCTION = YES;
				GCC_WARN_UNUSED_VARIABLE = YES;
				IPHONEOS_DEPLOYMENT_TARGET = 13.2;
				MTL_ENABLE_DEBUG_INFO = INCLUDE_SOURCE;
				MTL_FAST_MATH = YES;
				ONLY_ACTIVE_ARCH = YES;
				SDKROOT = iphoneos;
				SWIFT_ACTIVE_COMPILATION_CONDITIONS = DEBUG;
				SWIFT_OPTIMIZATION_LEVEL = "-Onone";
			};
			name = Debug;
		};
		53C75E9E23B14C0800E6EBF7 /* Release */ = {
			isa = XCBuildConfiguration;
			buildSettings = {
				ALWAYS_SEARCH_USER_PATHS = NO;
				CLANG_ANALYZER_NONNULL = YES;
				CLANG_ANALYZER_NUMBER_OBJECT_CONVERSION = YES_AGGRESSIVE;
				CLANG_CXX_LANGUAGE_STANDARD = "gnu++14";
				CLANG_CXX_LIBRARY = "libc++";
				CLANG_ENABLE_MODULES = YES;
				CLANG_ENABLE_OBJC_ARC = YES;
				CLANG_ENABLE_OBJC_WEAK = YES;
				CLANG_WARN_BLOCK_CAPTURE_AUTORELEASING = YES;
				CLANG_WARN_BOOL_CONVERSION = YES;
				CLANG_WARN_COMMA = YES;
				CLANG_WARN_CONSTANT_CONVERSION = YES;
				CLANG_WARN_DEPRECATED_OBJC_IMPLEMENTATIONS = YES;
				CLANG_WARN_DIRECT_OBJC_ISA_USAGE = YES_ERROR;
				CLANG_WARN_DOCUMENTATION_COMMENTS = YES;
				CLANG_WARN_EMPTY_BODY = YES;
				CLANG_WARN_ENUM_CONVERSION = YES;
				CLANG_WARN_INFINITE_RECURSION = YES;
				CLANG_WARN_INT_CONVERSION = YES;
				CLANG_WARN_NON_LITERAL_NULL_CONVERSION = YES;
				CLANG_WARN_OBJC_IMPLICIT_RETAIN_SELF = YES;
				CLANG_WARN_OBJC_LITERAL_CONVERSION = YES;
				CLANG_WARN_OBJC_ROOT_CLASS = YES_ERROR;
				CLANG_WARN_RANGE_LOOP_ANALYSIS = YES;
				CLANG_WARN_STRICT_PROTOTYPES = YES;
				CLANG_WARN_SUSPICIOUS_MOVE = YES;
				CLANG_WARN_UNGUARDED_AVAILABILITY = YES_AGGRESSIVE;
				CLANG_WARN_UNREACHABLE_CODE = YES;
				CLANG_WARN__DUPLICATE_METHOD_MATCH = YES;
				COPY_PHASE_STRIP = NO;
				DEBUG_INFORMATION_FORMAT = "dwarf-with-dsym";
				ENABLE_NS_ASSERTIONS = NO;
				ENABLE_STRICT_OBJC_MSGSEND = YES;
				GCC_C_LANGUAGE_STANDARD = gnu11;
				GCC_NO_COMMON_BLOCKS = YES;
				GCC_WARN_64_TO_32_BIT_CONVERSION = YES;
				GCC_WARN_ABOUT_RETURN_TYPE = YES_ERROR;
				GCC_WARN_UNDECLARED_SELECTOR = YES;
				GCC_WARN_UNINITIALIZED_AUTOS = YES_AGGRESSIVE;
				GCC_WARN_UNUSED_FUNCTION = YES;
				GCC_WARN_UNUSED_VARIABLE = YES;
				IPHONEOS_DEPLOYMENT_TARGET = 13.2;
				MTL_ENABLE_DEBUG_INFO = NO;
				MTL_FAST_MATH = YES;
				SDKROOT = iphoneos;
				SWIFT_COMPILATION_MODE = wholemodule;
				SWIFT_OPTIMIZATION_LEVEL = "-O";
				VALIDATE_PRODUCT = YES;
			};
			name = Release;
		};
		53C75EA023B14C0800E6EBF7 /* Debug */ = {
			isa = XCBuildConfiguration;
			buildSettings = {
				ASSETCATALOG_COMPILER_APPICON_NAME = AppIcon;
				CODE_SIGN_STYLE = Automatic;
				DEVELOPMENT_ASSET_PATHS = "\"SecretsCenter/Preview Content\"";
				DEVELOPMENT_TEAM = Q8D8L92B5Y;
				ENABLE_PREVIEWS = YES;
				INFOPLIST_FILE = SecretsCenter/Info.plist;
				LD_RUNPATH_SEARCH_PATHS = (
					"$(inherited)",
					"@executable_path/Frameworks",
				);
				PRODUCT_BUNDLE_IDENTIFIER = me.aarontunney.SecretsCenter;
				PRODUCT_NAME = "$(TARGET_NAME)";
				SWIFT_VERSION = 5.0;
				TARGETED_DEVICE_FAMILY = "1,2";
			};
			name = Debug;
		};
		53C75EA123B14C0800E6EBF7 /* Release */ = {
			isa = XCBuildConfiguration;
			buildSettings = {
				ASSETCATALOG_COMPILER_APPICON_NAME = AppIcon;
				CODE_SIGN_STYLE = Automatic;
				DEVELOPMENT_ASSET_PATHS = "\"SecretsCenter/Preview Content\"";
				DEVELOPMENT_TEAM = Q8D8L92B5Y;
				ENABLE_PREVIEWS = YES;
				INFOPLIST_FILE = SecretsCenter/Info.plist;
				LD_RUNPATH_SEARCH_PATHS = (
					"$(inherited)",
					"@executable_path/Frameworks",
				);
				PRODUCT_BUNDLE_IDENTIFIER = me.aarontunney.SecretsCenter;
				PRODUCT_NAME = "$(TARGET_NAME)";
				SWIFT_VERSION = 5.0;
				TARGETED_DEVICE_FAMILY = "1,2";
			};
			name = Release;
		};
		53C75EA323B14C0800E6EBF7 /* Debug */ = {
			isa = XCBuildConfiguration;
			buildSettings = {
				ALWAYS_EMBED_SWIFT_STANDARD_LIBRARIES = YES;
				BUNDLE_LOADER = "$(TEST_HOST)";
				CODE_SIGN_STYLE = Automatic;
				DEVELOPMENT_TEAM = Q8D8L92B5Y;
				INFOPLIST_FILE = SecretsCenterTests/Info.plist;
				IPHONEOS_DEPLOYMENT_TARGET = 13.2;
				LD_RUNPATH_SEARCH_PATHS = (
					"$(inherited)",
					"@executable_path/Frameworks",
					"@loader_path/Frameworks",
				);
				PRODUCT_BUNDLE_IDENTIFIER = me.aarontunney.SecretsCenterTests;
				PRODUCT_NAME = "$(TARGET_NAME)";
				SWIFT_VERSION = 5.0;
				TARGETED_DEVICE_FAMILY = "1,2";
				TEST_HOST = "$(BUILT_PRODUCTS_DIR)/SecretsCenter.app/SecretsCenter";
			};
			name = Debug;
		};
		53C75EA423B14C0800E6EBF7 /* Release */ = {
			isa = XCBuildConfiguration;
			buildSettings = {
				ALWAYS_EMBED_SWIFT_STANDARD_LIBRARIES = YES;
				BUNDLE_LOADER = "$(TEST_HOST)";
				CODE_SIGN_STYLE = Automatic;
				DEVELOPMENT_TEAM = Q8D8L92B5Y;
				INFOPLIST_FILE = SecretsCenterTests/Info.plist;
				IPHONEOS_DEPLOYMENT_TARGET = 13.2;
				LD_RUNPATH_SEARCH_PATHS = (
					"$(inherited)",
					"@executable_path/Frameworks",
					"@loader_path/Frameworks",
				);
				PRODUCT_BUNDLE_IDENTIFIER = me.aarontunney.SecretsCenterTests;
				PRODUCT_NAME = "$(TARGET_NAME)";
				SWIFT_VERSION = 5.0;
				TARGETED_DEVICE_FAMILY = "1,2";
				TEST_HOST = "$(BUILT_PRODUCTS_DIR)/SecretsCenter.app/SecretsCenter";
			};
			name = Release;
		};
/* End XCBuildConfiguration section */

/* Begin XCConfigurationList section */
		53C75E7B23B14C0700E6EBF7 /* Build configuration list for PBXProject "SecretsCenter" */ = {
			isa = XCConfigurationList;
			buildConfigurations = (
				53C75E9D23B14C0800E6EBF7 /* Debug */,
				53C75E9E23B14C0800E6EBF7 /* Release */,
			);
			defaultConfigurationIsVisible = 0;
			defaultConfigurationName = Release;
		};
		53C75E9F23B14C0800E6EBF7 /* Build configuration list for PBXNativeTarget "SecretsCenter" */ = {
			isa = XCConfigurationList;
			buildConfigurations = (
				53C75EA023B14C0800E6EBF7 /* Debug */,
				53C75EA123B14C0800E6EBF7 /* Release */,
			);
			defaultConfigurationIsVisible = 0;
			defaultConfigurationName = Release;
		};
		53C75EA223B14C0800E6EBF7 /* Build configuration list for PBXNativeTarget "SecretsCenterTests" */ = {
			isa = XCConfigurationList;
			buildConfigurations = (
				53C75EA323B14C0800E6EBF7 /* Debug */,
				53C75EA423B14C0800E6EBF7 /* Release */,
			);
			defaultConfigurationIsVisible = 0;
			defaultConfigurationName = Release;
		};
/* End XCConfigurationList section */
	};
	rootObject = 53C75E7823B14C0700E6EBF7 /* Project object */;
}
